<?xml version="1.0" encoding="utf-8"?>
<Project ToolsVersion="4.0" xmlns="http://schemas.microsoft.com/developer/msbuild/2003">
  <ItemGroup>
    <Filter Include="App">
      <UniqueIdentifier>{272a424e-fb9b-422a-ba9c-7d1211d9d0ab}</UniqueIdentifier>
    </Filter>
    <Filter Include="GameEngine">
      <UniqueIdentifier>{626a60c2-4003-4ce0-8886-2bfdb650c0a5}</UniqueIdentifier>
    </Filter>
    <Filter Include="GameEngine\WindowingSystem">
      <UniqueIdentifier>{cb9bfcbd-dd0a-43b6-9444-2a2daa34f0a6}</UniqueIdentifier>
    </Filter>
    <Filter Include="GameEngine\GraphicsEngine">
      <UniqueIdentifier>{a9b42d9f-b7e3-4d9d-b3db-0107753bc41e}</UniqueIdentifier>
    </Filter>
    <Filter Include="GameEngine\GraphicsEngine\SwapChain">
      <UniqueIdentifier>{a6d3a894-78b0-4509-a85f-0ff9cac12571}</UniqueIdentifier>
    </Filter>
    <Filter Include="GameEngine\GraphicsEngine\DeviceContext">
      <UniqueIdentifier>{3adaa147-785f-4982-9939-37f89377507b}</UniqueIdentifier>
    </Filter>
    <Filter Include="GameEngine\GraphicsEngine\VertexBuffer">
      <UniqueIdentifier>{e01b8561-fe99-495b-b7f8-2dc2582a13d1}</UniqueIdentifier>
    </Filter>
    <Filter Include="GameEngine\GraphicsEngine\VertexShader">
      <UniqueIdentifier>{dfcf04e2-b541-460a-a5fc-22d36bf88ebf}</UniqueIdentifier>
    </Filter>
    <Filter Include="GameEngine\GraphicsEngine\PixelShader">
      <UniqueIdentifier>{cfd242f8-d4b5-4c52-b41b-9ca50409610b}</UniqueIdentifier>
    </Filter>
    <Filter Include="GameEngine\GraphicsEngine\ConstantBuffer">
      <UniqueIdentifier>{e3239cae-0d16-41ba-9e91-e5fe8c65ccf3}</UniqueIdentifier>
    </Filter>
    <Filter Include="GameEngine\Math">
      <UniqueIdentifier>{644b7f88-1926-4133-b89c-338edcd8a9a8}</UniqueIdentifier>
    </Filter>
    <Filter Include="GameEngine\EngineTime">
      <UniqueIdentifier>{2b2644c0-59a2-4385-9885-71de7a135f45}</UniqueIdentifier>
    </Filter>
    <Filter Include="GameEngine\InputSystem">
      <UniqueIdentifier>{bdaa7326-d44a-47f1-b7ec-a21f256a6b7a}</UniqueIdentifier>
    </Filter>
    <Filter Include="GameEngine\GraphicsEngine\IndexBuffer">
      <UniqueIdentifier>{f5af8464-0724-45f3-b33f-2bf89af59783}</UniqueIdentifier>
    </Filter>
    <Filter Include="GameEngine\GraphicsEngine\Camera">
      <UniqueIdentifier>{a3886869-0e1a-47b3-bb0e-a1e28237ea27}</UniqueIdentifier>
    </Filter>
    <Filter Include="GameEngine\IMGUI">
      <UniqueIdentifier>{0463df77-98ac-4eeb-b502-18f85a0937cc}</UniqueIdentifier>
    </Filter>
    <Filter Include="GameEngine\UIManager">
      <UniqueIdentifier>{84db3fe6-35cb-481c-9b3d-d060322cdbd1}</UniqueIdentifier>
    </Filter>
    <Filter Include="GameEngine\GraphicsEngine\ResourceManager">
      <UniqueIdentifier>{4cfc9700-a47a-4ff6-a6aa-edf1cb4abdd7}</UniqueIdentifier>
    </Filter>
    <Filter Include="GameEngine\GraphicsEngine\ResourceManager\TextureManager">
      <UniqueIdentifier>{e54df831-a32e-4f83-b34e-5cd6c8ff6342}</UniqueIdentifier>
    </Filter>
    <Filter Include="GameEngine\GraphicsEngine\ResourceManager\MeshManager">
      <UniqueIdentifier>{c61d3f0f-22d5-4d12-a2de-c89e6ba9b2ed}</UniqueIdentifier>
    </Filter>
    <Filter Include="GameEngine\PhysicsSystem">
      <UniqueIdentifier>{ff6f515a-9ff0-4df5-ad90-f72f6e4c5a9a}</UniqueIdentifier>
    </Filter>
    <Filter Include="GameEngine\Backend">
      <UniqueIdentifier>{94726065-144d-4da5-91e0-fdd2b930572a}</UniqueIdentifier>
    </Filter>
    <Filter Include="GameEngine\GraphicsEngine\GameObject">
      <UniqueIdentifier>{598cc9f1-a5c6-4e94-bc85-173e77da341f}</UniqueIdentifier>
    </Filter>
    <Filter Include="GameEngine\GraphicsEngine\GameObject\Primitives">
      <UniqueIdentifier>{0e3cb793-13a6-4193-84f0-df9c5872ff75}</UniqueIdentifier>
    </Filter>
    <Filter Include="GameEngine\GraphicsEngine\GameObject\Primitives\Quad">
      <UniqueIdentifier>{d49d7ea9-5950-438c-a742-5e59bb211c6b}</UniqueIdentifier>
    </Filter>
    <Filter Include="GameEngine\GraphicsEngine\GameObject\Primitives\GameObject">
      <UniqueIdentifier>{a81f4152-9ef5-40a4-bac0-f6bf65047bea}</UniqueIdentifier>
    </Filter>
    <Filter Include="GameEngine\GraphicsEngine\GameObject\Primitives\Cube">
      <UniqueIdentifier>{88d17c0f-16ea-485b-ba16-190ca4def64f}</UniqueIdentifier>
    </Filter>
    <Filter Include="GameEngine\GraphicsEngine\GameObject\Primitives\Plane">
      <UniqueIdentifier>{80e8adc9-c74a-4483-911c-8a02af37297c}</UniqueIdentifier>
    </Filter>
    <Filter Include="GameEngine\GraphicsEngine\GameObject\Primitives\OBJs">
      <UniqueIdentifier>{0349b3e5-36d9-4ea6-9420-702d5899ff7c}</UniqueIdentifier>
    </Filter>
    <Filter Include="GameEngine\GraphicsEngine\GameObject\Primitives\PhysicsCube">
      <UniqueIdentifier>{4e0ef4cb-b9e0-430a-aa1b-a79e753f6462}</UniqueIdentifier>
    </Filter>
    <Filter Include="GameEngine\GraphicsEngine\GameObject\Primitives\PhysicsPlane">
      <UniqueIdentifier>{f74bfd5d-8341-4c65-92bb-fdedc0e15c00}</UniqueIdentifier>
    </Filter>
    <Filter Include="GameEngine\FileSystem">
      <UniqueIdentifier>{13c7d03b-0fb6-4931-a493-fc1e7e37515e}</UniqueIdentifier>
    </Filter>
    <Filter Include="GameEngine\GraphicsEngine\GameObject\Primitives\Sphere">
      <UniqueIdentifier>{29999f34-63ec-410c-87a1-6538288a86fe}</UniqueIdentifier>
    </Filter>
    <Filter Include="GameEngine\PugiXML">
      <UniqueIdentifier>{727f5ef5-81bf-49b7-a21b-809b2de759e5}</UniqueIdentifier>
    </Filter>
  </ItemGroup>
  <ItemGroup>
    <ClCompile Include="main.cpp">
      <Filter>App</Filter>
    </ClCompile>
    <ClCompile Include="AppWindow.cpp">
      <Filter>App</Filter>
    </ClCompile>
    <ClCompile Include="Window.cpp">
      <Filter>GameEngine\WindowingSystem</Filter>
    </ClCompile>
    <ClCompile Include="GraphicsEngine.cpp">
      <Filter>GameEngine\GraphicsEngine</Filter>
    </ClCompile>
    <ClCompile Include="SwapChain.cpp">
      <Filter>GameEngine\GraphicsEngine\SwapChain</Filter>
    </ClCompile>
    <ClCompile Include="DeviceContext.cpp">
      <Filter>GameEngine\GraphicsEngine\DeviceContext</Filter>
    </ClCompile>
    <ClCompile Include="VertexBuffer.cpp">
      <Filter>GameEngine\GraphicsEngine\VertexBuffer</Filter>
    </ClCompile>
    <ClCompile Include="VertexShader.cpp">
      <Filter>GameEngine\GraphicsEngine\VertexShader</Filter>
    </ClCompile>
    <ClCompile Include="PixelShader.cpp">
      <Filter>GameEngine\GraphicsEngine\PixelShader</Filter>
    </ClCompile>
    <ClCompile Include="ConstantBuffer.cpp">
      <Filter>GameEngine\GraphicsEngine\ConstantBuffer</Filter>
    </ClCompile>
    <ClCompile Include="Quad.cpp">
      <Filter>GameEngine\GraphicsEngine\GameObject\Primitives\Quad</Filter>
    </ClCompile>
    <ClCompile Include="EngineTime.cpp">
      <Filter>GameEngine\EngineTime</Filter>
    </ClCompile>
    <ClCompile Include="InputSystem.cpp">
      <Filter>GameEngine\InputSystem</Filter>
    </ClCompile>
    <ClCompile Include="IndexBuffer.cpp">
      <Filter>GameEngine\GraphicsEngine\IndexBuffer</Filter>
    </ClCompile>
    <ClCompile Include="GameObject.cpp">
      <Filter>GameEngine\GraphicsEngine\GameObject\Primitives\GameObject</Filter>
    </ClCompile>
    <ClCompile Include="Cube.cpp">
      <Filter>GameEngine\GraphicsEngine\GameObject\Primitives\Cube</Filter>
    </ClCompile>
    <ClCompile Include="Plane.cpp">
      <Filter>GameEngine\GraphicsEngine\GameObject\Primitives\Plane</Filter>
    </ClCompile>
    <ClCompile Include="Camera.cpp">
      <Filter>GameEngine\GraphicsEngine\Camera</Filter>
    </ClCompile>
    <ClCompile Include="SceneCameraHandler.cpp">
      <Filter>GameEngine\GraphicsEngine\Camera</Filter>
    </ClCompile>
    <ClCompile Include="imgui.cpp">
      <Filter>GameEngine\IMGUI</Filter>
    </ClCompile>
    <ClCompile Include="imgui_demo.cpp">
      <Filter>GameEngine\IMGUI</Filter>
    </ClCompile>
    <ClCompile Include="imgui_draw.cpp">
      <Filter>GameEngine\IMGUI</Filter>
    </ClCompile>
    <ClCompile Include="imgui_impl_dx11.cpp">
      <Filter>GameEngine\IMGUI</Filter>
    </ClCompile>
    <ClCompile Include="imgui_impl_win32.cpp">
      <Filter>GameEngine\IMGUI</Filter>
    </ClCompile>
    <ClCompile Include="imgui_widgets.cpp">
      <Filter>GameEngine\IMGUI</Filter>
    </ClCompile>
    <ClCompile Include="UIManager.cpp">
      <Filter>GameEngine\UIManager</Filter>
    </ClCompile>
    <ClCompile Include="AUIScreen.cpp">
      <Filter>GameEngine\UIManager</Filter>
    </ClCompile>
    <ClCompile Include="ProfilerScreen.cpp">
      <Filter>GameEngine\UIManager</Filter>
    </ClCompile>
    <ClCompile Include="MenuScreen.cpp">
      <Filter>GameEngine\UIManager</Filter>
    </ClCompile>
    <ClCompile Include="CreditsScreen.cpp">
      <Filter>GameEngine\UIManager</Filter>
    </ClCompile>
    <ClCompile Include="Resource.cpp">
      <Filter>GameEngine\GraphicsEngine\ResourceManager</Filter>
    </ClCompile>
    <ClCompile Include="ResourceManager.cpp">
      <Filter>GameEngine\GraphicsEngine\ResourceManager</Filter>
    </ClCompile>
    <ClCompile Include="Texture.cpp">
      <Filter>GameEngine\GraphicsEngine\ResourceManager\TextureManager</Filter>
    </ClCompile>
    <ClCompile Include="TextureManager.cpp">
      <Filter>GameEngine\GraphicsEngine\ResourceManager\TextureManager</Filter>
    </ClCompile>
    <ClCompile Include="VertexBufferTex.cpp">
      <Filter>GameEngine\GraphicsEngine\VertexBuffer</Filter>
    </ClCompile>
    <ClCompile Include="MeshManager.cpp">
      <Filter>GameEngine\GraphicsEngine\ResourceManager\MeshManager</Filter>
    </ClCompile>
    <ClCompile Include="Mesh.cpp">
      <Filter>GameEngine\GraphicsEngine\ResourceManager\MeshManager</Filter>
    </ClCompile>
    <ClCompile Include="OBJ.cpp">
      <Filter>GameEngine\GraphicsEngine\GameObject\Primitives\OBJs</Filter>
    </ClCompile>
    <ClCompile Include="OBJa.cpp">
      <Filter>GameEngine\GraphicsEngine\GameObject\Primitives\OBJs</Filter>
    </ClCompile>
    <ClCompile Include="OBJb.cpp">
      <Filter>GameEngine\GraphicsEngine\GameObject\Primitives\OBJs</Filter>
    </ClCompile>
    <ClCompile Include="PhysicsSystem.cpp">
      <Filter>GameEngine\PhysicsSystem</Filter>
    </ClCompile>
    <ClCompile Include="AComponent.cpp">
      <Filter>GameEngine\PhysicsSystem</Filter>
    </ClCompile>
    <ClCompile Include="PhysicsComponent.cpp">
      <Filter>GameEngine\PhysicsSystem</Filter>
    </ClCompile>
    <ClCompile Include="BaseComponentSystem.cpp">
      <Filter>GameEngine\PhysicsSystem</Filter>
    </ClCompile>
    <ClCompile Include="PhysicsCube.cpp">
      <Filter>GameEngine\GraphicsEngine\GameObject\Primitives\PhysicsCube</Filter>
    </ClCompile>
    <ClCompile Include="PhysicsPlane.cpp">
      <Filter>GameEngine\GraphicsEngine\GameObject\Primitives\PhysicsPlane</Filter>
    </ClCompile>
    <ClCompile Include="StateScreen.cpp">
      <Filter>GameEngine\UIManager</Filter>
    </ClCompile>
    <ClCompile Include="EngineBackend.cpp">
      <Filter>GameEngine\Backend</Filter>
    </ClCompile>
    <ClCompile Include="GameObjectManager.cpp">
      <Filter>GameEngine\GraphicsEngine\GameObject</Filter>
    </ClCompile>
    <ClCompile Include="SceneWriter.cpp">
      <Filter>GameEngine\FileSystem</Filter>
    </ClCompile>
    <ClCompile Include="SceneReader.cpp">
      <Filter>GameEngine\FileSystem</Filter>
    </ClCompile>
    <ClCompile Include="StringUtils.cpp">
      <Filter>GameEngine\FileSystem</Filter>
    </ClCompile>
    <ClCompile Include="Sphere.cpp">
      <Filter>GameEngine\GraphicsEngine\GameObject\Primitives\Sphere</Filter>
    </ClCompile>
    <ClCompile Include="pugixml.cpp">
      <Filter>GameEngine\PugiXML</Filter>
    </ClCompile>
  </ItemGroup>
  <ItemGroup>
    <ClInclude Include="AppWindow.h">
      <Filter>App</Filter>
    </ClInclude>
    <ClInclude Include="Window.h">
      <Filter>GameEngine\WindowingSystem</Filter>
    </ClInclude>
    <ClInclude Include="GraphicsEngine.h">
      <Filter>GameEngine\GraphicsEngine</Filter>
    </ClInclude>
    <ClInclude Include="SwapChain.h">
      <Filter>GameEngine\GraphicsEngine\SwapChain</Filter>
    </ClInclude>
    <ClInclude Include="VertexBuffer.h">
      <Filter>GameEngine\GraphicsEngine\VertexBuffer</Filter>
    </ClInclude>
    <ClInclude Include="VertexShader.h">
      <Filter>GameEngine\GraphicsEngine\VertexShader</Filter>
    </ClInclude>
    <ClInclude Include="PixelShader.h">
      <Filter>GameEngine\GraphicsEngine\PixelShader</Filter>
    </ClInclude>
    <ClInclude Include="DeviceContext.h">
      <Filter>GameEngine\GraphicsEngine\DeviceContext</Filter>
    </ClInclude>
    <ClInclude Include="ConstantBuffer.h">
      <Filter>GameEngine\GraphicsEngine\ConstantBuffer</Filter>
    </ClInclude>
    <ClInclude Include="Quad.h">
      <Filter>GameEngine\GraphicsEngine\GameObject\Primitives\Quad</Filter>
    </ClInclude>
    <ClInclude Include="Vector3D.h">
      <Filter>GameEngine\Math</Filter>
    </ClInclude>
    <ClInclude Include="Matrix4x4.h">
      <Filter>GameEngine\Math</Filter>
    </ClInclude>
    <ClInclude Include="EngineTime.h">
      <Filter>GameEngine\EngineTime</Filter>
    </ClInclude>
    <ClInclude Include="InputSystem.h">
      <Filter>GameEngine\InputSystem</Filter>
    </ClInclude>
    <ClInclude Include="IndexBuffer.h">
      <Filter>GameEngine\GraphicsEngine\IndexBuffer</Filter>
    </ClInclude>
    <ClInclude Include="GameObject.h">
      <Filter>GameEngine\GraphicsEngine\GameObject\Primitives\GameObject</Filter>
    </ClInclude>
    <ClInclude Include="Cube.h">
      <Filter>GameEngine\GraphicsEngine\GameObject\Primitives\Cube</Filter>
    </ClInclude>
    <ClInclude Include="Plane.h">
      <Filter>GameEngine\GraphicsEngine\GameObject\Primitives\Plane</Filter>
    </ClInclude>
    <ClInclude Include="InputListener.h">
      <Filter>GameEngine\InputSystem</Filter>
    </ClInclude>
    <ClInclude Include="Point.h">
      <Filter>GameEngine\Math</Filter>
    </ClInclude>
    <ClInclude Include="Vector4D.h">
      <Filter>GameEngine\Math</Filter>
    </ClInclude>
    <ClInclude Include="Camera.h">
      <Filter>GameEngine\GraphicsEngine\Camera</Filter>
    </ClInclude>
    <ClInclude Include="SceneCameraHandler.h">
      <Filter>GameEngine\GraphicsEngine\Camera</Filter>
    </ClInclude>
    <ClInclude Include="imconfig.h">
      <Filter>GameEngine\IMGUI</Filter>
    </ClInclude>
    <ClInclude Include="imgui.h">
      <Filter>GameEngine\IMGUI</Filter>
    </ClInclude>
    <ClInclude Include="imgui_impl_dx11.h">
      <Filter>GameEngine\IMGUI</Filter>
    </ClInclude>
    <ClInclude Include="imgui_impl_win32.h">
      <Filter>GameEngine\IMGUI</Filter>
    </ClInclude>
    <ClInclude Include="imgui_internal.h">
      <Filter>GameEngine\IMGUI</Filter>
    </ClInclude>
    <ClInclude Include="imstb_rectpack.h">
      <Filter>GameEngine\IMGUI</Filter>
    </ClInclude>
    <ClInclude Include="imstb_textedit.h">
      <Filter>GameEngine\IMGUI</Filter>
    </ClInclude>
    <ClInclude Include="imstb_truetype.h">
      <Filter>GameEngine\IMGUI</Filter>
    </ClInclude>
    <ClInclude Include="UIManager.h">
      <Filter>GameEngine\UIManager</Filter>
    </ClInclude>
    <ClInclude Include="AUIScreen.h">
      <Filter>GameEngine\UIManager</Filter>
    </ClInclude>
    <ClInclude Include="ProfilerScreen.h">
      <Filter>GameEngine\UIManager</Filter>
    </ClInclude>
    <ClInclude Include="MenuScreen.h">
      <Filter>GameEngine\UIManager</Filter>
    </ClInclude>
    <ClInclude Include="CreditsScreen.h">
      <Filter>GameEngine\UIManager</Filter>
    </ClInclude>
    <ClInclude Include="Resource.h">
      <Filter>GameEngine\GraphicsEngine\ResourceManager</Filter>
    </ClInclude>
    <ClInclude Include="ResourceManager.h">
      <Filter>GameEngine\GraphicsEngine\ResourceManager</Filter>
    </ClInclude>
    <ClInclude Include="Texture.h">
      <Filter>GameEngine\GraphicsEngine\ResourceManager\TextureManager</Filter>
    </ClInclude>
    <ClInclude Include="TextureManager.h">
      <Filter>GameEngine\GraphicsEngine\ResourceManager\TextureManager</Filter>
    </ClInclude>
    <ClInclude Include="Vector2D.h">
      <Filter>GameEngine\Math</Filter>
    </ClInclude>
    <ClInclude Include="VertexBufferTex.h">
      <Filter>GameEngine\GraphicsEngine\VertexBuffer</Filter>
    </ClInclude>
    <ClInclude Include="MeshManager.h">
      <Filter>GameEngine\GraphicsEngine\ResourceManager\MeshManager</Filter>
    </ClInclude>
    <ClInclude Include="Mesh.h">
      <Filter>GameEngine\GraphicsEngine\ResourceManager\MeshManager</Filter>
    </ClInclude>
    <ClInclude Include="VertexMesh.h">
      <Filter>GameEngine\Math</Filter>
    </ClInclude>
    <ClInclude Include="OBJ.h">
      <Filter>GameEngine\GraphicsEngine\GameObject\Primitives\OBJs</Filter>
    </ClInclude>
    <ClInclude Include="OBJa.h">
      <Filter>GameEngine\GraphicsEngine\GameObject\Primitives\OBJs</Filter>
    </ClInclude>
    <ClInclude Include="OBJb.h">
      <Filter>GameEngine\GraphicsEngine\GameObject\Primitives\OBJs</Filter>
    </ClInclude>
    <ClInclude Include="PhysicsSystem.h">
      <Filter>GameEngine\PhysicsSystem</Filter>
    </ClInclude>
    <ClInclude Include="AComponent.h">
      <Filter>GameEngine\PhysicsSystem</Filter>
    </ClInclude>
    <ClInclude Include="PhysicsComponent.h">
      <Filter>GameEngine\PhysicsSystem</Filter>
    </ClInclude>
    <ClInclude Include="BaseComponentSystem.h">
      <Filter>GameEngine\PhysicsSystem</Filter>
    </ClInclude>
    <ClInclude Include="PhysicsCube.h">
      <Filter>GameEngine\GraphicsEngine\GameObject\Primitives\PhysicsCube</Filter>
    </ClInclude>
    <ClInclude Include="PhysicsPlane.h">
      <Filter>GameEngine\GraphicsEngine\GameObject\Primitives\PhysicsPlane</Filter>
    </ClInclude>
    <ClInclude Include="StateScreen.h">
      <Filter>GameEngine\UIManager</Filter>
    </ClInclude>
    <ClInclude Include="EngineBackend.h">
      <Filter>GameEngine\Backend</Filter>
    </ClInclude>
    <ClInclude Include="GameObjectManager.h">
      <Filter>GameEngine\GraphicsEngine\GameObject</Filter>
    </ClInclude>
    <ClInclude Include="SceneWriter.h">
      <Filter>GameEngine\FileSystem</Filter>
    </ClInclude>
    <ClInclude Include="imfilebrowser.h">
      <Filter>GameEngine\IMGUI</Filter>
    </ClInclude>
    <ClInclude Include="SceneReader.h">
      <Filter>GameEngine\FileSystem</Filter>
    </ClInclude>
    <ClInclude Include="StringUtils.h">
      <Filter>GameEngine\FileSystem</Filter>
    </ClInclude>
    <ClInclude Include="Sphere.h">
      <Filter>GameEngine\GraphicsEngine\GameObject\Primitives\Sphere</Filter>
    </ClInclude>
    <ClInclude Include="pugiconfig.hpp">
      <Filter>GameEngine\PugiXML</Filter>
    </ClInclude>
    <ClInclude Include="pugixml.hpp">
      <Filter>GameEngine\PugiXML</Filter>
    </ClInclude>
  </ItemGroup>
  <ItemGroup>
    <FxCompile Include="PixelShader.hlsl">
      <Filter>App</Filter>
    </FxCompile>
    <FxCompile Include="VertexShader.hlsl">
      <Filter>App</Filter>
    </FxCompile>
    <FxCompile Include="shader.fx">
      <Filter>App</Filter>
    </FxCompile>
    <FxCompile Include="PixelShaderTex.hlsl">
      <Filter>App</Filter>
    </FxCompile>
    <FxCompile Include="VertexShaderTex.hlsl">
      <Filter>App</Filter>
    </FxCompile>
    <FxCompile Include="VertexMeshLayoutShader.hlsl">
      <Filter>App</Filter>
    </FxCompile>
  </ItemGroup>
  <ItemGroup>
    <None Include="imgui.ini">
      <Filter>GameEngine\IMGUI</Filter>
    </None>
  </ItemGroup>
</Project>